// !$*UTF8*$!
{
	archiveVersion = 1;
	classes = {
	};
	objectVersion = 50;
	objects = {

/* Begin PBXBuildFile section */
		487796FE27D9C8DD001FDC50 /* AppDelegate.swift in Sources */ = {isa = PBXBuildFile; fileRef = 487796FD27D9C8DD001FDC50 /* AppDelegate.swift */; };
		4877970027D9C8DD001FDC50 /* SceneDelegate.swift in Sources */ = {isa = PBXBuildFile; fileRef = 487796FF27D9C8DD001FDC50 /* SceneDelegate.swift */; };
		4877970227D9C8DD001FDC50 /* ViewController.swift in Sources */ = {isa = PBXBuildFile; fileRef = 4877970127D9C8DD001FDC50 /* ViewController.swift */; };
		4877970527D9C8DD001FDC50 /* Main.storyboard in Resources */ = {isa = PBXBuildFile; fileRef = 4877970327D9C8DD001FDC50 /* Main.storyboard */; };
		4877970727D9C8E0001FDC50 /* Assets.xcassets in Resources */ = {isa = PBXBuildFile; fileRef = 4877970627D9C8E0001FDC50 /* Assets.xcassets */; };
		4877970A27D9C8E0001FDC50 /* LaunchScreen.storyboard in Resources */ = {isa = PBXBuildFile; fileRef = 4877970827D9C8E0001FDC50 /* LaunchScreen.storyboard */; };
		4877971527D9C8E0001FDC50 /* appleAlbumTests.swift in Sources */ = {isa = PBXBuildFile; fileRef = 4877971427D9C8E0001FDC50 /* appleAlbumTests.swift */; };
		4877972027D9C8E0001FDC50 /* appleAlbumUITests.swift in Sources */ = {isa = PBXBuildFile; fileRef = 4877971F27D9C8E0001FDC50 /* appleAlbumUITests.swift */; };
		4877973227D9CABC001FDC50 /* APIService.swift in Sources */ = {isa = PBXBuildFile; fileRef = 4877973127D9CABC001FDC50 /* APIService.swift */; };
		4877974427DAED02001FDC50 /* appleAlbumDataModel.swift in Sources */ = {isa = PBXBuildFile; fileRef = 4877974327DAED02001FDC50 /* appleAlbumDataModel.swift */; };
/* End PBXBuildFile section */

/* Begin PBXContainerItemProxy section */
		4877971127D9C8E0001FDC50 /* PBXContainerItemProxy */ = {
			isa = PBXContainerItemProxy;
			containerPortal = 487796F227D9C8DD001FDC50 /* Project object */;
			proxyType = 1;
			remoteGlobalIDString = 487796F927D9C8DD001FDC50;
			remoteInfo = appleAlbum;
		};
		4877971C27D9C8E0001FDC50 /* PBXContainerItemProxy */ = {
			isa = PBXContainerItemProxy;
			containerPortal = 487796F227D9C8DD001FDC50 /* Project object */;
			proxyType = 1;
			remoteGlobalIDString = 487796F927D9C8DD001FDC50;
			remoteInfo = appleAlbum;
		};
/* End PBXContainerItemProxy section */

/* Begin PBXFileReference section */
		487796FA27D9C8DD001FDC50 /* appleAlbum.app */ = {isa = PBXFileReference; explicitFileType = wrapper.application; includeInIndex = 0; path = appleAlbum.app; sourceTree = BUILT_PRODUCTS_DIR; };
		487796FD27D9C8DD001FDC50 /* AppDelegate.swift */ = {isa = PBXFileReference; lastKnownFileType = sourcecode.swift; path = AppDelegate.swift; sourceTree = "<group>"; };
		487796FF27D9C8DD001FDC50 /* SceneDelegate.swift */ = {isa = PBXFileReference; lastKnownFileType = sourcecode.swift; path = SceneDelegate.swift; sourceTree = "<group>"; };
		4877970127D9C8DD001FDC50 /* ViewController.swift */ = {isa = PBXFileReference; lastKnownFileType = sourcecode.swift; path = ViewController.swift; sourceTree = "<group>"; };
		4877970427D9C8DD001FDC50 /* Base */ = {isa = PBXFileReference; lastKnownFileType = file.storyboard; name = Base; path = Base.lproj/Main.storyboard; sourceTree = "<group>"; };
		4877970627D9C8E0001FDC50 /* Assets.xcassets */ = {isa = PBXFileReference; lastKnownFileType = folder.assetcatalog; path = Assets.xcassets; sourceTree = "<group>"; };
		4877970927D9C8E0001FDC50 /* Base */ = {isa = PBXFileReference; lastKnownFileType = file.storyboard; name = Base; path = Base.lproj/LaunchScreen.storyboard; sourceTree = "<group>"; };
		4877970B27D9C8E0001FDC50 /* Info.plist */ = {isa = PBXFileReference; lastKnownFileType = text.plist.xml; path = Info.plist; sourceTree = "<group>"; };
		4877971027D9C8E0001FDC50 /* appleAlbumTests.xctest */ = {isa = PBXFileReference; explicitFileType = wrapper.cfbundle; includeInIndex = 0; path = appleAlbumTests.xctest; sourceTree = BUILT_PRODUCTS_DIR; };
		4877971427D9C8E0001FDC50 /* appleAlbumTests.swift */ = {isa = PBXFileReference; lastKnownFileType = sourcecode.swift; path = appleAlbumTests.swift; sourceTree = "<group>"; };
		4877971627D9C8E0001FDC50 /* Info.plist */ = {isa = PBXFileReference; lastKnownFileType = text.plist.xml; path = Info.plist; sourceTree = "<group>"; };
		4877971B27D9C8E0001FDC50 /* appleAlbumUITests.xctest */ = {isa = PBXFileReference; explicitFileType = wrapper.cfbundle; includeInIndex = 0; path = appleAlbumUITests.xctest; sourceTree = BUILT_PRODUCTS_DIR; };
		4877971F27D9C8E0001FDC50 /* appleAlbumUITests.swift */ = {isa = PBXFileReference; lastKnownFileType = sourcecode.swift; path = appleAlbumUITests.swift; sourceTree = "<group>"; };
		4877972127D9C8E0001FDC50 /* Info.plist */ = {isa = PBXFileReference; lastKnownFileType = text.plist.xml; path = Info.plist; sourceTree = "<group>"; };
		4877973127D9CABC001FDC50 /* APIService.swift */ = {isa = PBXFileReference; lastKnownFileType = sourcecode.swift; path = APIService.swift; sourceTree = "<group>"; };
		4877974327DAED02001FDC50 /* appleAlbumDataModel.swift */ = {isa = PBXFileReference; lastKnownFileType = sourcecode.swift; path = appleAlbumDataModel.swift; sourceTree = "<group>"; };
/* End PBXFileReference section */

/* Begin PBXFrameworksBuildPhase section */
		487796F727D9C8DD001FDC50 /* Frameworks */ = {
			isa = PBXFrameworksBuildPhase;
			buildActionMask = 2147483647;
			files = (
			);
			runOnlyForDeploymentPostprocessing = 0;
		};
		4877970D27D9C8E0001FDC50 /* Frameworks */ = {
			isa = PBXFrameworksBuildPhase;
			buildActionMask = 2147483647;
			files = (
			);
			runOnlyForDeploymentPostprocessing = 0;
		};
		4877971827D9C8E0001FDC50 /* Frameworks */ = {
			isa = PBXFrameworksBuildPhase;
			buildActionMask = 2147483647;
			files = (
			);
			runOnlyForDeploymentPostprocessing = 0;
		};
/* End PBXFrameworksBuildPhase section */

/* Begin PBXGroup section */
		487796F127D9C8DD001FDC50 = {
			isa = PBXGroup;
			children = (
				487796FC27D9C8DD001FDC50 /* appleAlbum */,
				4877971327D9C8E0001FDC50 /* appleAlbumTests */,
				4877971E27D9C8E0001FDC50 /* appleAlbumUITests */,
				487796FB27D9C8DD001FDC50 /* Products */,
			);
			sourceTree = "<group>";
		};
		487796FB27D9C8DD001FDC50 /* Products */ = {
			isa = PBXGroup;
			children = (
				487796FA27D9C8DD001FDC50 /* appleAlbum.app */,
				4877971027D9C8E0001FDC50 /* appleAlbumTests.xctest */,
				4877971B27D9C8E0001FDC50 /* appleAlbumUITests.xctest */,
			);
			name = Products;
			sourceTree = "<group>";
		};
		487796FC27D9C8DD001FDC50 /* appleAlbum */ = {
			isa = PBXGroup;
			children = (
				4877974127DAE996001FDC50 /* DataModel */,
				4877973E27DAE3AB001FDC50 /* ViewModels */,
				4877973D27DAE3A1001FDC50 /* Views */,
				4877973C27DAE38C001FDC50 /* Models */,
				4877973027D9CAA3001FDC50 /* NetworkLayer */,
				487796FD27D9C8DD001FDC50 /* AppDelegate.swift */,
				487796FF27D9C8DD001FDC50 /* SceneDelegate.swift */,
				4877970327D9C8DD001FDC50 /* Main.storyboard */,
				4877970627D9C8E0001FDC50 /* Assets.xcassets */,
				4877970827D9C8E0001FDC50 /* LaunchScreen.storyboard */,
				4877970B27D9C8E0001FDC50 /* Info.plist */,
			);
			path = appleAlbum;
			sourceTree = "<group>";
		};
		4877971327D9C8E0001FDC50 /* appleAlbumTests */ = {
			isa = PBXGroup;
			children = (
				4877971427D9C8E0001FDC50 /* appleAlbumTests.swift */,
				4877971627D9C8E0001FDC50 /* Info.plist */,
			);
			path = appleAlbumTests;
			sourceTree = "<group>";
		};
		4877971E27D9C8E0001FDC50 /* appleAlbumUITests */ = {
			isa = PBXGroup;
			children = (
				4877971F27D9C8E0001FDC50 /* appleAlbumUITests.swift */,
				4877972127D9C8E0001FDC50 /* Info.plist */,
			);
			path = appleAlbumUITests;
			sourceTree = "<group>";
		};
		4877973027D9CAA3001FDC50 /* NetworkLayer */ = {
			isa = PBXGroup;
			children = (
				4877973127D9CABC001FDC50 /* APIService.swift */,
			);
			path = NetworkLayer;
			sourceTree = "<group>";
		};
		4877973C27DAE38C001FDC50 /* Models */ = {
			isa = PBXGroup;
			children = (
			);
			path = Models;
			sourceTree = "<group>";
		};
		4877973D27DAE3A1001FDC50 /* Views */ = {
			isa = PBXGroup;
			children = (
				4877973F27DAE3FA001FDC50 /* ViewControllers */,
			);
			path = Views;
			sourceTree = "<group>";
		};
		4877973E27DAE3AB001FDC50 /* ViewModels */ = {
			isa = PBXGroup;
			children = (
			);
			path = ViewModels;
			sourceTree = "<group>";
		};
		4877973F27DAE3FA001FDC50 /* ViewControllers */ = {
			isa = PBXGroup;
			children = (
				4877970127D9C8DD001FDC50 /* ViewController.swift */,
			);
			path = ViewControllers;
			sourceTree = "<group>";
		};
		4877974127DAE996001FDC50 /* DataModel */ = {
			isa = PBXGroup;
			children = (
				4877974327DAED02001FDC50 /* appleAlbumDataModel.swift */,
			);
			path = DataModel;
			sourceTree = "<group>";
		};
/* End PBXGroup section */

/* Begin PBXNativeTarget section */
		487796F927D9C8DD001FDC50 /* appleAlbum */ = {
			isa = PBXNativeTarget;
			buildConfigurationList = 4877972427D9C8E0001FDC50 /* Build configuration list for PBXNativeTarget "appleAlbum" */;
			buildPhases = (
				487796F627D9C8DD001FDC50 /* Sources */,
				487796F727D9C8DD001FDC50 /* Frameworks */,
				487796F827D9C8DD001FDC50 /* Resources */,
			);
			buildRules = (
			);
			dependencies = (
			);
			name = appleAlbum;
			productName = appleAlbum;
			productReference = 487796FA27D9C8DD001FDC50 /* appleAlbum.app */;
			productType = "com.apple.product-type.application";
		};
		4877970F27D9C8E0001FDC50 /* appleAlbumTests */ = {
			isa = PBXNativeTarget;
			buildConfigurationList = 4877972727D9C8E0001FDC50 /* Build configuration list for PBXNativeTarget "appleAlbumTests" */;
			buildPhases = (
				4877970C27D9C8E0001FDC50 /* Sources */,
				4877970D27D9C8E0001FDC50 /* Frameworks */,
				4877970E27D9C8E0001FDC50 /* Resources */,
			);
			buildRules = (
			);
			dependencies = (
				4877971227D9C8E0001FDC50 /* PBXTargetDependency */,
			);
			name = appleAlbumTests;
			productName = appleAlbumTests;
			productReference = 4877971027D9C8E0001FDC50 /* appleAlbumTests.xctest */;
			productType = "com.apple.product-type.bundle.unit-test";
		};
		4877971A27D9C8E0001FDC50 /* appleAlbumUITests */ = {
			isa = PBXNativeTarget;
			buildConfigurationList = 4877972A27D9C8E0001FDC50 /* Build configuration list for PBXNativeTarget "appleAlbumUITests" */;
			buildPhases = (
				4877971727D9C8E0001FDC50 /* Sources */,
				4877971827D9C8E0001FDC50 /* Frameworks */,
				4877971927D9C8E0001FDC50 /* Resources */,
			);
			buildRules = (
			);
			dependencies = (
				4877971D27D9C8E0001FDC50 /* PBXTargetDependency */,
			);
			name = appleAlbumUITests;
			productName = appleAlbumUITests;
			productReference = 4877971B27D9C8E0001FDC50 /* appleAlbumUITests.xctest */;
			productType = "com.apple.product-type.bundle.ui-testing";
		};
/* End PBXNativeTarget section */

/* Begin PBXProject section */
		487796F227D9C8DD001FDC50 /* Project object */ = {
			isa = PBXProject;
			attributes = {
				LastSwiftUpdateCheck = 1240;
				LastUpgradeCheck = 1240;
				TargetAttributes = {
					487796F927D9C8DD001FDC50 = {
						CreatedOnToolsVersion = 12.4;
					};
					4877970F27D9C8E0001FDC50 = {
						CreatedOnToolsVersion = 12.4;
						TestTargetID = 487796F927D9C8DD001FDC50;
					};
					4877971A27D9C8E0001FDC50 = {
						CreatedOnToolsVersion = 12.4;
						TestTargetID = 487796F927D9C8DD001FDC50;
					};
				};
			};
			buildConfigurationList = 487796F527D9C8DD001FDC50 /* Build configuration list for PBXProject "appleAlbum" */;
			compatibilityVersion = "Xcode 9.3";
			developmentRegion = en;
			hasScannedForEncodings = 0;
			knownRegions = (
				en,
				Base,
			);
			mainGroup = 487796F127D9C8DD001FDC50;
			productRefGroup = 487796FB27D9C8DD001FDC50 /* Products */;
			projectDirPath = "";
			projectRoot = "";
			targets = (
				487796F927D9C8DD001FDC50 /* appleAlbum */,
				4877970F27D9C8E0001FDC50 /* appleAlbumTests */,
				4877971A27D9C8E0001FDC50 /* appleAlbumUITests */,
			);
		};
/* End PBXProject section */

/* Begin PBXResourcesBuildPhase section */
		487796F827D9C8DD001FDC50 /* Resources */ = {
			isa = PBXResourcesBuildPhase;
			buildActionMask = 2147483647;
			files = (
				4877970A27D9C8E0001FDC50 /* LaunchScreen.storyboard in Resources */,
				4877970727D9C8E0001FDC50 /* Assets.xcassets in Resources */,
				4877970527D9C8DD001FDC50 /* Main.storyboard in Resources */,
			);
			runOnlyForDeploymentPostprocessing = 0;
		};
		4877970E27D9C8E0001FDC50 /* Resources */ = {
			isa = PBXResourcesBuildPhase;
			buildActionMask = 2147483647;
			files = (
			);
			runOnlyForDeploymentPostprocessing = 0;
		};
		4877971927D9C8E0001FDC50 /* Resources */ = {
			isa = PBXResourcesBuildPhase;
			buildActionMask = 2147483647;
			files = (
			);
			runOnlyForDeploymentPostprocessing = 0;
		};
/* End PBXResourcesBuildPhase section */

/* Begin PBXSourcesBuildPhase section */
		487796F627D9C8DD001FDC50 /* Sources */ = {
			isa = PBXSourcesBuildPhase;
			buildActionMask = 2147483647;
			files = (
				4877970227D9C8DD001FDC50 /* ViewController.swift in Sources */,
				487796FE27D9C8DD001FDC50 /* AppDelegate.swift in Sources */,
				4877973227D9CABC001FDC50 /* APIService.swift in Sources */,
				4877974427DAED02001FDC50 /* appleAlbumDataModel.swift in Sources */,
				4877970027D9C8DD001FDC50 /* SceneDelegate.swift in Sources */,
			);
			runOnlyForDeploymentPostprocessing = 0;
		};
		4877970C27D9C8E0001FDC50 /* Sources */ = {
			isa = PBXSourcesBuildPhase;
			buildActionMask = 2147483647;
			files = (
				4877971527D9C8E0001FDC50 /* appleAlbumTests.swift in Sources */,
			);
			runOnlyForDeploymentPostprocessing = 0;
		};
		4877971727D9C8E0001FDC50 /* Sources */ = {
			isa = PBXSourcesBuildPhase;
			buildActionMask = 2147483647;
			files = (
				4877972027D9C8E0001FDC50 /* appleAlbumUITests.swift in Sources */,
			);
			runOnlyForDeploymentPostprocessing = 0;
		};
/* End PBXSourcesBuildPhase section */

/* Begin PBXTargetDependency section */
		4877971227D9C8E0001FDC50 /* PBXTargetDependency */ = {
			isa = PBXTargetDependency;
			target = 487796F927D9C8DD001FDC50 /* appleAlbum */;
			targetProxy = 4877971127D9C8E0001FDC50 /* PBXContainerItemProxy */;
		};
		4877971D27D9C8E0001FDC50 /* PBXTargetDependency */ = {
			isa = PBXTargetDependency;
			target = 487796F927D9C8DD001FDC50 /* appleAlbum */;
			targetProxy = 4877971C27D9C8E0001FDC50 /* PBXContainerItemProxy */;
		};
/* End PBXTargetDependency section */

/* Begin PBXVariantGroup section */
		4877970327D9C8DD001FDC50 /* Main.storyboard */ = {
			isa = PBXVariantGroup;
			children = (
				4877970427D9C8DD001FDC50 /* Base */,
			);
			name = Main.storyboard;
			sourceTree = "<group>";
		};
		4877970827D9C8E0001FDC50 /* LaunchScreen.storyboard */ = {
			isa = PBXVariantGroup;
			children = (
				4877970927D9C8E0001FDC50 /* Base */,
			);
			name = LaunchScreen.storyboard;
			sourceTree = "<group>";
		};
/* End PBXVariantGroup section */

/* Begin XCBuildConfiguration section */
		4877972227D9C8E0001FDC50 /* Debug */ = {
			isa = XCBuildConfiguration;
			buildSettings = {
				ALWAYS_SEARCH_USER_PATHS = NO;
				CLANG_ANALYZER_NONNULL = YES;
				CLANG_ANALYZER_NUMBER_OBJECT_CONVERSION = YES_AGGRESSIVE;
				CLANG_CXX_LANGUAGE_STANDARD = "gnu++14";
				CLANG_CXX_LIBRARY = "libc++";
				CLANG_ENABLE_MODULES = YES;
				CLANG_ENABLE_OBJC_ARC = YES;
				CLANG_ENABLE_OBJC_WEAK = YES;
				CLANG_WARN_BLOCK_CAPTURE_AUTORELEASING = YES;
				CLANG_WARN_BOOL_CONVERSION = YES;
				CLANG_WARN_COMMA = YES;
				CLANG_WARN_CONSTANT_CONVERSION = YES;
				CLANG_WARN_DEPRECATED_OBJC_IMPLEMENTATIONS = YES;
				CLANG_WARN_DIRECT_OBJC_ISA_USAGE = YES_ERROR;
				CLANG_WARN_DOCUMENTATION_COMMENTS = YES;
				CLANG_WARN_EMPTY_BODY = YES;
				CLANG_WARN_ENUM_CONVERSION = YES;
				CLANG_WARN_INFINITE_RECURSION = YES;
				CLANG_WARN_INT_CONVERSION = YES;
				CLANG_WARN_NON_LITERAL_NULL_CONVERSION = YES;
				CLANG_WARN_OBJC_IMPLICIT_RETAIN_SELF = YES;
				CLANG_WARN_OBJC_LITERAL_CONVERSION = YES;
				CLANG_WARN_OBJC_ROOT_CLASS = YES_ERROR;
				CLANG_WARN_QUOTED_INCLUDE_IN_FRAMEWORK_HEADER = YES;
				CLANG_WARN_RANGE_LOOP_ANALYSIS = YES;
				CLANG_WARN_STRICT_PROTOTYPES = YES;
				CLANG_WARN_SUSPICIOUS_MOVE = YES;
				CLANG_WARN_UNGUARDED_AVAILABILITY = YES_AGGRESSIVE;
				CLANG_WARN_UNREACHABLE_CODE = YES;
				CLANG_WARN__DUPLICATE_METHOD_MATCH = YES;
				COPY_PHASE_STRIP = NO;
				DEBUG_INFORMATION_FORMAT = dwarf;
				ENABLE_STRICT_OBJC_MSGSEND = YES;
				ENABLE_TESTABILITY = YES;
				GCC_C_LANGUAGE_STANDARD = gnu11;
				GCC_DYNAMIC_NO_PIC = NO;
				GCC_NO_COMMON_BLOCKS = YES;
				GCC_OPTIMIZATION_LEVEL = 0;
				GCC_PREPROCESSOR_DEFINITIONS = (
					"DEBUG=1",
					"$(inherited)",
				);
				GCC_WARN_64_TO_32_BIT_CONVERSION = YES;
				GCC_WARN_ABOUT_RETURN_TYPE = YES_ERROR;
				GCC_WARN_UNDECLARED_SELECTOR = YES;
				GCC_WARN_UNINITIALIZED_AUTOS = YES_AGGRESSIVE;
				GCC_WARN_UNUSED_FUNCTION = YES;
				GCC_WARN_UNUSED_VARIABLE = YES;
				IPHONEOS_DEPLOYMENT_TARGET = 14.4;
				MTL_ENABLE_DEBUG_INFO = INCLUDE_SOURCE;
				MTL_FAST_MATH = YES;
				ONLY_ACTIVE_ARCH = YES;
				SDKROOT = iphoneos;
				SWIFT_ACTIVE_COMPILATION_CONDITIONS = DEBUG;
				SWIFT_OPTIMIZATION_LEVEL = "-Onone";
			};
			name = Debug;
		};
		4877972327D9C8E0001FDC50 /* Release */ = {
			isa = XCBuildConfiguration;
			buildSettings = {
				ALWAYS_SEARCH_USER_PATHS = NO;
				CLANG_ANALYZER_NONNULL = YES;
				CLANG_ANALYZER_NUMBER_OBJECT_CONVERSION = YES_AGGRESSIVE;
				CLANG_CXX_LANGUAGE_STANDARD = "gnu++14";
				CLANG_CXX_LIBRARY = "libc++";
				CLANG_ENABLE_MODULES = YES;
				CLANG_ENABLE_OBJC_ARC = YES;
				CLANG_ENABLE_OBJC_WEAK = YES;
				CLANG_WARN_BLOCK_CAPTURE_AUTORELEASING = YES;
				CLANG_WARN_BOOL_CONVERSION = YES;
				CLANG_WARN_COMMA = YES;
				CLANG_WARN_CONSTANT_CONVERSION = YES;
				CLANG_WARN_DEPRECATED_OBJC_IMPLEMENTATIONS = YES;
				CLANG_WARN_DIRECT_OBJC_ISA_USAGE = YES_ERROR;
				CLANG_WARN_DOCUMENTATION_COMMENTS = YES;
				CLANG_WARN_EMPTY_BODY = YES;
				CLANG_WARN_ENUM_CONVERSION = YES;
				CLANG_WARN_INFINITE_RECURSION = YES;
				CLANG_WARN_INT_CONVERSION = YES;
				CLANG_WARN_NON_LITERAL_NULL_CONVERSION = YES;
				CLANG_WARN_OBJC_IMPLICIT_RETAIN_SELF = YES;
				CLANG_WARN_OBJC_LITERAL_CONVERSION = YES;
				CLANG_WARN_OBJC_ROOT_CLASS = YES_ERROR;
				CLANG_WARN_QUOTED_INCLUDE_IN_FRAMEWORK_HEADER = YES;
				CLANG_WARN_RANGE_LOOP_ANALYSIS = YES;
				CLANG_WARN_STRICT_PROTOTYPES = YES;
				CLANG_WARN_SUSPICIOUS_MOVE = YES;
				CLANG_WARN_UNGUARDED_AVAILABILITY = YES_AGGRESSIVE;
				CLANG_WARN_UNREACHABLE_CODE = YES;
				CLANG_WARN__DUPLICATE_METHOD_MATCH = YES;
				COPY_PHASE_STRIP = NO;
				DEBUG_INFORMATION_FORMAT = "dwarf-with-dsym";
				ENABLE_NS_ASSERTIONS = NO;
				ENABLE_STRICT_OBJC_MSGSEND = YES;
				GCC_C_LANGUAGE_STANDARD = gnu11;
				GCC_NO_COMMON_BLOCKS = YES;
				GCC_WARN_64_TO_32_BIT_CONVERSION = YES;
				GCC_WARN_ABOUT_RETURN_TYPE = YES_ERROR;
				GCC_WARN_UNDECLARED_SELECTOR = YES;
				GCC_WARN_UNINITIALIZED_AUTOS = YES_AGGRESSIVE;
				GCC_WARN_UNUSED_FUNCTION = YES;
				GCC_WARN_UNUSED_VARIABLE = YES;
				IPHONEOS_DEPLOYMENT_TARGET = 14.4;
				MTL_ENABLE_DEBUG_INFO = NO;
				MTL_FAST_MATH = YES;
				SDKROOT = iphoneos;
				SWIFT_COMPILATION_MODE = wholemodule;
				SWIFT_OPTIMIZATION_LEVEL = "-O";
				VALIDATE_PRODUCT = YES;
			};
			name = Release;
		};
		4877972527D9C8E0001FDC50 /* Debug */ = {
			isa = XCBuildConfiguration;
			buildSettings = {
				ASSETCATALOG_COMPILER_APPICON_NAME = AppIcon;
				ASSETCATALOG_COMPILER_GLOBAL_ACCENT_COLOR_NAME = AccentColor;
				CODE_SIGN_STYLE = Automatic;
				INFOPLIST_FILE = appleAlbum/Info.plist;
				LD_RUNPATH_SEARCH_PATHS = (
					"$(inherited)",
					"@executable_path/Frameworks",
				);
				PRODUCT_BUNDLE_IDENTIFIER = com.00.appleAlbum;
				PRODUCT_NAME = "$(TARGET_NAME)";
				SWIFT_VERSION = 5.0;
				TARGETED_DEVICE_FAMILY = "1,2";
			};
			name = Debug;
		};
		4877972627D9C8E0001FDC50 /* Release */ = {
			isa = XCBuildConfiguration;
			buildSettings = {
				ASSETCATALOG_COMPILER_APPICON_NAME = AppIcon;
				ASSETCATALOG_COMPILER_GLOBAL_ACCENT_COLOR_NAME = AccentColor;
				CODE_SIGN_STYLE = Automatic;
				INFOPLIST_FILE = appleAlbum/Info.plist;
				LD_RUNPATH_SEARCH_PATHS = (
					"$(inherited)",
					"@executable_path/Frameworks",
				);
				PRODUCT_BUNDLE_IDENTIFIER = com.00.appleAlbum;
				PRODUCT_NAME = "$(TARGET_NAME)";
				SWIFT_VERSION = 5.0;
				TARGETED_DEVICE_FAMILY = "1,2";
			};
			name = Release;
		};
		4877972827D9C8E0001FDC50 /* Debug */ = {
			isa = XCBuildConfiguration;
			buildSettings = {
				ALWAYS_EMBED_SWIFT_STANDARD_LIBRARIES = YES;
				BUNDLE_LOADER = "$(TEST_HOST)";
				CODE_SIGN_STYLE = Automatic;
				INFOPLIST_FILE = appleAlbumTests/Info.plist;
				IPHONEOS_DEPLOYMENT_TARGET = 14.4;
				LD_RUNPATH_SEARCH_PATHS = (
					"$(inherited)",
					"@executable_path/Frameworks",
					"@loader_path/Frameworks",
				);
				PRODUCT_BUNDLE_IDENTIFIER = com.00.appleAlbumTests;
				PRODUCT_NAME = "$(TARGET_NAME)";
				SWIFT_VERSION = 5.0;
				TARGETED_DEVICE_FAMILY = "1,2";
				TEST_HOST = "$(BUILT_PRODUCTS_DIR)/appleAlbum.app/appleAlbum";
			};
			name = Debug;
		};
		4877972927D9C8E0001FDC50 /* Release */ = {
			isa = XCBuildConfiguration;
			buildSettings = {
				ALWAYS_EMBED_SWIFT_STANDARD_LIBRARIES = YES;
				BUNDLE_LOADER = "$(TEST_HOST)";
				CODE_SIGN_STYLE = Automatic;
				INFOPLIST_FILE = appleAlbumTests/Info.plist;
				IPHONEOS_DEPLOYMENT_TARGET = 14.4;
				LD_RUNPATH_SEARCH_PATHS = (
					"$(inherited)",
					"@executable_path/Frameworks",
					"@loader_path/Frameworks",
				);
				PRODUCT_BUNDLE_IDENTIFIER = com.00.appleAlbumTests;
				PRODUCT_NAME = "$(TARGET_NAME)";
				SWIFT_VERSION = 5.0;
				TARGETED_DEVICE_FAMILY = "1,2";
				TEST_HOST = "$(BUILT_PRODUCTS_DIR)/appleAlbum.app/appleAlbum";
			};
			name = Release;
		};
		4877972B27D9C8E0001FDC50 /* Debug */ = {
			isa = XCBuildConfiguration;
			buildSettings = {
				ALWAYS_EMBED_SWIFT_STANDARD_LIBRARIES = YES;
				CODE_SIGN_STYLE = Automatic;
				INFOPLIST_FILE = appleAlbumUITests/Info.plist;
				LD_RUNPATH_SEARCH_PATHS = (
					"$(inherited)",
					"@executable_path/Frameworks",
					"@loader_path/Frameworks",
				);
				PRODUCT_BUNDLE_IDENTIFIER = com.00.appleAlbumUITests;
				PRODUCT_NAME = "$(TARGET_NAME)";
				SWIFT_VERSION = 5.0;
				TARGETED_DEVICE_FAMILY = "1,2";
				TEST_TARGET_NAME = appleAlbum;
			};
			name = Debug;
		};
		4877972C27D9C8E0001FDC50 /* Release */ = {
			isa = XCBuildConfiguration;
			buildSettings = {
				ALWAYS_EMBED_SWIFT_STANDARD_LIBRARIES = YES;
				CODE_SIGN_STYLE = Automatic;
				INFOPLIST_FILE = appleAlbumUITests/Info.plist;
				LD_RUNPATH_SEARCH_PATHS = (
					"$(inherited)",
					"@executable_path/Frameworks",
					"@loader_path/Frameworks",
				);
				PRODUCT_BUNDLE_IDENTIFIER = com.00.appleAlbumUITests;
				PRODUCT_NAME = "$(TARGET_NAME)";
				SWIFT_VERSION = 5.0;
				TARGETED_DEVICE_FAMILY = "1,2";
				TEST_TARGET_NAME = appleAlbum;
			};
			name = Release;
		};
/* End XCBuildConfiguration section */

/* Begin XCConfigurationList section */
		487796F527D9C8DD001FDC50 /* Build configuration list for PBXProject "appleAlbum" */ = {
			isa = XCConfigurationList;
			buildConfigurations = (
				4877972227D9C8E0001FDC50 /* Debug */,
				4877972327D9C8E0001FDC50 /* Release */,
			);
			defaultConfigurationIsVisible = 0;
			defaultConfigurationName = Release;
		};
		4877972427D9C8E0001FDC50 /* Build configuration list for PBXNativeTarget "appleAlbum" */ = {
			isa = XCConfigurationList;
			buildConfigurations = (
				4877972527D9C8E0001FDC50 /* Debug */,
				4877972627D9C8E0001FDC50 /* Release */,
			);
			defaultConfigurationIsVisible = 0;
			defaultConfigurationName = Release;
		};
		4877972727D9C8E0001FDC50 /* Build configuration list for PBXNativeTarget "appleAlbumTests" */ = {
			isa = XCConfigurationList;
			buildConfigurations = (
				4877972827D9C8E0001FDC50 /* Debug */,
				4877972927D9C8E0001FDC50 /* Release */,
			);
			defaultConfigurationIsVisible = 0;
			defaultConfigurationName = Release;
		};
		4877972A27D9C8E0001FDC50 /* Build configuration list for PBXNativeTarget "appleAlbumUITests" */ = {
			isa = XCConfigurationList;
			buildConfigurations = (
				4877972B27D9C8E0001FDC50 /* Debug */,
				4877972C27D9C8E0001FDC50 /* Release */,
			);
			defaultConfigurationIsVisible = 0;
			defaultConfigurationName = Release;
		};
/* End XCConfigurationList section */
	};
	rootObject = 487796F227D9C8DD001FDC50 /* Project object */;
}
